
Microsoft Visual Studio Solution File, Format Version 12.00
# Visual Studio Version 16
VisualStudioVersion = 16.0.29519.181
MinimumVisualStudioVersion = 10.0.40219.1
Project("{8BC9CEB8-8B4A-11D0-8D11-00A0C91BC942}") = "IdunnowotiduSDL", "IdunnowotiduSDL\IdunnowotiduSDL.vcxproj", "{B895431F-426D-4326-A2E0-AD05A6FD30B6}"
EndProject
Global
	GlobalSection(SolutionConfigurationPlatforms) = preSolution
		Debug|x64 = Debug|x64
		Debug|x86 = Debug|x86
		Release|x64 = Release|x64
		Release|x86 = Release|x86
	EndGlobalSection
	GlobalSection(ProjectConfigurationPlatforms) = postSolution
		{B895431F-426D-4326-A2E0-AD05A6FD30B6}.Debug|x64.ActiveCfg = Debug|x64
		{B895431F-426D-4326-A2E0-AD05A6FD30B6}.Debug|x64.Build.0 = Debug|x64
		{B895431F-426D-4326-A2E0-AD05A6FD30B6}.Debug|x86.ActiveCfg = Debug|Win32
		{B895431F-426D-4326-A2E0-AD05A6FD30B6}.Debug|x86.Build.0 = Debug|Win32
		{B895431F-426D-4326-A2E0-AD05A6FD30B6}.Release|x64.ActiveCfg = Release|x64
		{B895431F-426D-4326-A2E0-AD05A6FD30B6}.Release|x64.Build.0 = Release|x64
		{B895431F-426D-4326-A2E0-AD05A6FD30B6}.Release|x86.ActiveCfg = Release|Win32
		{B895431F-426D-4326-A2E0-AD05A6FD30B6}.Release|x86.Build.0 = Release|Win32
	EndGlobalSection
	GlobalSection(SolutionProperties) = preSolution
		HideSolutionNode = FALSE
	EndGlobalSection
	GlobalSection(ExtensibilityGlobals) = postSolution
		SolutionGuid = {D80E1857-8C66-4319-989B-E47FE6F10ABA}
	EndGlobalSection
EndGlobal
